
Microsoft Visual Studio Solution File, Format Version 12.00
# Visual Studio Version 17
VisualStudioVersion = 17.6.33801.468
MinimumVisualStudioVersion = 10.0.40219.1
Project("{FAE04EC0-301F-11D3-BF4B-00C04F79EFBC}") = "ResponseCompression", "ResponseCompression\ResponseCompression.csproj", "{7AF146FE-5D64-44B8-A0F7-EAF0F9463751}"
EndProject
Global
	GlobalSection(SolutionConfigurationPlatforms) = preSolution
		Debug|Any CPU = Debug|Any CPU
		Release|Any CPU = Release|Any CPU
	EndGlobalSection
	GlobalSection(ProjectConfigurationPlatforms) = postSolution
		{7AF146FE-5D64-44B8-A0F7-EAF0F9463751}.Debug|Any CPU.ActiveCfg = Debug|Any CPU
		{7AF146FE-5D64-44B8-A0F7-EAF0F9463751}.Debug|Any CPU.Build.0 = Debug|Any CPU
		{7AF146FE-5D64-44B8-A0F7-EAF0F9463751}.Release|Any CPU.ActiveCfg = Release|Any CPU
		{7AF146FE-5D64-44B8-A0F7-EAF0F9463751}.Release|Any CPU.Build.0 = Release|Any CPU
	EndGlobalSection
	GlobalSection(SolutionProperties) = preSolution
		HideSolutionNode = FALSE
	EndGlobalSection
	GlobalSection(ExtensibilityGlobals) = postSolution
		SolutionGuid = {D0C8D7BE-5F0E-4B54-BE3C-A1CBBDBB4AC4}
	EndGlobalSection
EndGlobal
